
Microsoft Visual Studio Solution File, Format Version 12.00
# Visual Studio 15
VisualStudioVersion = 15.0.26730.10
MinimumVisualStudioVersion = 10.0.40219.1
Project("{FAE04EC0-301F-11D3-BF4B-00C04F79EFBC}") = "ConsoleApplication", "ConsoleApplication\ConsoleApplication.csproj", "{8AADBE64-2716-4B37-8B3F-F2B4A28BA05F}"
EndProject
Global
	GlobalSection(SolutionConfigurationPlatforms) = preSolution
		Debug|Any CPU = Debug|Any CPU
		Release|Any CPU = Release|Any CPU
	EndGlobalSection
	GlobalSection(ProjectConfigurationPlatforms) = postSolution
		{8AADBE64-2716-4B37-8B3F-F2B4A28BA05F}.Debug|Any CPU.ActiveCfg = Debug|Any CPU
		{8AADBE64-2716-4B37-8B3F-F2B4A28BA05F}.Debug|Any CPU.Build.0 = Debug|Any CPU
		{8AADBE64-2716-4B37-8B3F-F2B4A28BA05F}.Release|Any CPU.ActiveCfg = Release|Any CPU
		{8AADBE64-2716-4B37-8B3F-F2B4A28BA05F}.Release|Any CPU.Build.0 = Release|Any CPU
	EndGlobalSection
	GlobalSection(SolutionProperties) = preSolution
		HideSolutionNode = FALSE
	EndGlobalSection
	GlobalSection(ExtensibilityGlobals) = postSolution
		SolutionGuid = {D9E2F6E4-D4E5-47A3-B37C-992D77B71E1D}
	EndGlobalSection
EndGlobal
